
Microsoft Visual Studio Solution File, Format Version 12.00
# Visual Studio Version 16
VisualStudioVersion = 16.0.30320.27
MinimumVisualStudioVersion = 10.0.40219.1
Project("{9A19103F-16F7-4668-BE54-9A1E7A4F7556}") = "Claims_Console", "Claims_Challenge\Claims_Console.csproj", "{866819B4-89D6-4C77-862C-8725896759BC}"
EndProject
Project("{FAE04EC0-301F-11D3-BF4B-00C04F79EFBC}") = "Claims_Repo_Tests", "Claims_Repo_Tests\Claims_Repo_Tests.csproj", "{8C894463-613D-473B-8257-201C5E6BC228}"
EndProject
Project("{FAE04EC0-301F-11D3-BF4B-00C04F79EFBC}") = "Claims_Repo", "Claims_Repo\Claims_Repo.csproj", "{A5F5A131-2D8E-4EAE-86AF-F6AA19091D1E}"
EndProject
Project("{2150E333-8FDC-42A3-9474-1A3956D46DE8}") = "Challenge2", "Challenge2", "{68C34046-0255-4065-A734-B66314B731B5}"
EndProject
Project("{2150E333-8FDC-42A3-9474-1A3956D46DE8}") = "Challenge3", "Challenge3", "{A8702463-C32F-486F-B94D-047A5861C035}"
EndProject
Project("{FAE04EC0-301F-11D3-BF4B-00C04F79EFBC}") = "Badges_Console", "Badges_Console\Badges_Console.csproj", "{1D29A87F-5464-436B-A2E2-FBB536DABB40}"
EndProject
Project("{FAE04EC0-301F-11D3-BF4B-00C04F79EFBC}") = "Badges_Repo", "Badges_Repo\Badges_Repo.csproj", "{1E235CA3-8F8F-446C-8515-8471556AD589}"
EndProject
Project("{FAE04EC0-301F-11D3-BF4B-00C04F79EFBC}") = "Badges_Repo_Tests", "Badges_Repo_Tests\Badges_Repo_Tests.csproj", "{78BD4D69-BC71-4A68-B124-A08DD9337296}"
EndProject
Global
	GlobalSection(SolutionConfigurationPlatforms) = preSolution
		Debug|Any CPU = Debug|Any CPU
		Release|Any CPU = Release|Any CPU
	EndGlobalSection
	GlobalSection(ProjectConfigurationPlatforms) = postSolution
		{866819B4-89D6-4C77-862C-8725896759BC}.Debug|Any CPU.ActiveCfg = Debug|Any CPU
		{866819B4-89D6-4C77-862C-8725896759BC}.Debug|Any CPU.Build.0 = Debug|Any CPU
		{866819B4-89D6-4C77-862C-8725896759BC}.Release|Any CPU.ActiveCfg = Release|Any CPU
		{866819B4-89D6-4C77-862C-8725896759BC}.Release|Any CPU.Build.0 = Release|Any CPU
		{8C894463-613D-473B-8257-201C5E6BC228}.Debug|Any CPU.ActiveCfg = Debug|Any CPU
		{8C894463-613D-473B-8257-201C5E6BC228}.Debug|Any CPU.Build.0 = Debug|Any CPU
		{8C894463-613D-473B-8257-201C5E6BC228}.Release|Any CPU.ActiveCfg = Release|Any CPU
		{8C894463-613D-473B-8257-201C5E6BC228}.Release|Any CPU.Build.0 = Release|Any CPU
		{A5F5A131-2D8E-4EAE-86AF-F6AA19091D1E}.Debug|Any CPU.ActiveCfg = Debug|Any CPU
		{A5F5A131-2D8E-4EAE-86AF-F6AA19091D1E}.Debug|Any CPU.Build.0 = Debug|Any CPU
		{A5F5A131-2D8E-4EAE-86AF-F6AA19091D1E}.Release|Any CPU.ActiveCfg = Release|Any CPU
		{A5F5A131-2D8E-4EAE-86AF-F6AA19091D1E}.Release|Any CPU.Build.0 = Release|Any CPU
		{1D29A87F-5464-436B-A2E2-FBB536DABB40}.Debug|Any CPU.ActiveCfg = Debug|Any CPU
		{1D29A87F-5464-436B-A2E2-FBB536DABB40}.Debug|Any CPU.Build.0 = Debug|Any CPU
		{1D29A87F-5464-436B-A2E2-FBB536DABB40}.Release|Any CPU.ActiveCfg = Release|Any CPU
		{1D29A87F-5464-436B-A2E2-FBB536DABB40}.Release|Any CPU.Build.0 = Release|Any CPU
		{1E235CA3-8F8F-446C-8515-8471556AD589}.Debug|Any CPU.ActiveCfg = Debug|Any CPU
		{1E235CA3-8F8F-446C-8515-8471556AD589}.Debug|Any CPU.Build.0 = Debug|Any CPU
		{1E235CA3-8F8F-446C-8515-8471556AD589}.Release|Any CPU.ActiveCfg = Release|Any CPU
		{1E235CA3-8F8F-446C-8515-8471556AD589}.Release|Any CPU.Build.0 = Release|Any CPU
		{78BD4D69-BC71-4A68-B124-A08DD9337296}.Debug|Any CPU.ActiveCfg = Debug|Any CPU
		{78BD4D69-BC71-4A68-B124-A08DD9337296}.Debug|Any CPU.Build.0 = Debug|Any CPU
		{78BD4D69-BC71-4A68-B124-A08DD9337296}.Release|Any CPU.ActiveCfg = Release|Any CPU
		{78BD4D69-BC71-4A68-B124-A08DD9337296}.Release|Any CPU.Build.0 = Release|Any CPU
	EndGlobalSection
	GlobalSection(SolutionProperties) = preSolution
		HideSolutionNode = FALSE
	EndGlobalSection
	GlobalSection(NestedProjects) = preSolution
		{866819B4-89D6-4C77-862C-8725896759BC} = {68C34046-0255-4065-A734-B66314B731B5}
		{8C894463-613D-473B-8257-201C5E6BC228} = {68C34046-0255-4065-A734-B66314B731B5}
		{A5F5A131-2D8E-4EAE-86AF-F6AA19091D1E} = {68C34046-0255-4065-A734-B66314B731B5}
		{1D29A87F-5464-436B-A2E2-FBB536DABB40} = {A8702463-C32F-486F-B94D-047A5861C035}
		{1E235CA3-8F8F-446C-8515-8471556AD589} = {A8702463-C32F-486F-B94D-047A5861C035}
		{78BD4D69-BC71-4A68-B124-A08DD9337296} = {A8702463-C32F-486F-B94D-047A5861C035}
	EndGlobalSection
	GlobalSection(ExtensibilityGlobals) = postSolution
		SolutionGuid = {56D95511-95DB-4E00-9662-28A552469D77}
	EndGlobalSection
EndGlobal
